
Microsoft Visual Studio Solution File, Format Version 12.00
# Visual Studio 15
VisualStudioVersion = 15.0.28307.852
MinimumVisualStudioVersion = 10.0.40219.1
Project("{FAE04EC0-301F-11D3-BF4B-00C04F79EFBC}") = "WindowsFormsApp1", "WindowsFormsApp1\WindowsFormsApp1.csproj", "{D78C3AD9-F2F3-4BAD-B08A-338EE2135206}"
EndProject
Global
	GlobalSection(SolutionConfigurationPlatforms) = preSolution
		Debug|Any CPU = Debug|Any CPU
		Release|Any CPU = Release|Any CPU
	EndGlobalSection
	GlobalSection(ProjectConfigurationPlatforms) = postSolution
		{D78C3AD9-F2F3-4BAD-B08A-338EE2135206}.Debug|Any CPU.ActiveCfg = Debug|Any CPU
		{D78C3AD9-F2F3-4BAD-B08A-338EE2135206}.Debug|Any CPU.Build.0 = Debug|Any CPU
		{D78C3AD9-F2F3-4BAD-B08A-338EE2135206}.Release|Any CPU.ActiveCfg = Release|Any CPU
		{D78C3AD9-F2F3-4BAD-B08A-338EE2135206}.Release|Any CPU.Build.0 = Release|Any CPU
	EndGlobalSection
	GlobalSection(SolutionProperties) = preSolution
		HideSolutionNode = FALSE
	EndGlobalSection
	GlobalSection(ExtensibilityGlobals) = postSolution
		SolutionGuid = {27FD3FFC-973C-45C7-AEDF-DB0FD97BBB7F}
	EndGlobalSection
EndGlobal
